
Microsoft Visual Studio Solution File, Format Version 12.00
# Visual Studio Version 16
VisualStudioVersion = 25.0.1704.2
MinimumVisualStudioVersion = 10.0.40219.1
Project("{FAE04EC0-301F-11D3-BF4B-00C04F79EFBC}") = "absoluteLayout.Android", "absoluteLayout\absoluteLayout.Android\absoluteLayout.Android.csproj", "{CB9A7528-782B-408F-B9C2-41100D2FCDE2}"
EndProject
Project("{FAE04EC0-301F-11D3-BF4B-00C04F79EFBC}") = "absoluteLayout.iOS", "absoluteLayout\absoluteLayout.iOS\absoluteLayout.iOS.csproj", "{21589DBD-CFDA-4A74-96B0-095C85916A2E}"
EndProject
Project("{FAE04EC0-301F-11D3-BF4B-00C04F79EFBC}") = "absoluteLayout", "absoluteLayout\absoluteLayout\absoluteLayout.csproj", "{05ABC5F8-B2A3-473E-8837-DF9815220DE7}"
EndProject
Global
	GlobalSection(SolutionConfigurationPlatforms) = preSolution
		Debug|Any CPU = Debug|Any CPU
		Release|Any CPU = Release|Any CPU
		Debug|iPhoneSimulator = Debug|iPhoneSimulator
		Release|iPhoneSimulator = Release|iPhoneSimulator
		Debug|iPhone = Debug|iPhone
		Release|iPhone = Release|iPhone
	EndGlobalSection
	GlobalSection(ProjectConfigurationPlatforms) = postSolution
		{CB9A7528-782B-408F-B9C2-41100D2FCDE2}.Debug|Any CPU.ActiveCfg = Debug|Any CPU
		{CB9A7528-782B-408F-B9C2-41100D2FCDE2}.Debug|Any CPU.Build.0 = Debug|Any CPU
		{CB9A7528-782B-408F-B9C2-41100D2FCDE2}.Release|Any CPU.ActiveCfg = Release|Any CPU
		{CB9A7528-782B-408F-B9C2-41100D2FCDE2}.Release|Any CPU.Build.0 = Release|Any CPU
		{CB9A7528-782B-408F-B9C2-41100D2FCDE2}.Debug|iPhoneSimulator.ActiveCfg = Debug|Any CPU
		{CB9A7528-782B-408F-B9C2-41100D2FCDE2}.Debug|iPhoneSimulator.Build.0 = Debug|Any CPU
		{CB9A7528-782B-408F-B9C2-41100D2FCDE2}.Release|iPhoneSimulator.ActiveCfg = Release|Any CPU
		{CB9A7528-782B-408F-B9C2-41100D2FCDE2}.Release|iPhoneSimulator.Build.0 = Release|Any CPU
		{CB9A7528-782B-408F-B9C2-41100D2FCDE2}.Debug|iPhone.ActiveCfg = Debug|Any CPU
		{CB9A7528-782B-408F-B9C2-41100D2FCDE2}.Debug|iPhone.Build.0 = Debug|Any CPU
		{CB9A7528-782B-408F-B9C2-41100D2FCDE2}.Release|iPhone.ActiveCfg = Release|Any CPU
		{CB9A7528-782B-408F-B9C2-41100D2FCDE2}.Release|iPhone.Build.0 = Release|Any CPU
		{21589DBD-CFDA-4A74-96B0-095C85916A2E}.Debug|Any CPU.ActiveCfg = Debug|iPhoneSimulator
		{21589DBD-CFDA-4A74-96B0-095C85916A2E}.Debug|Any CPU.Build.0 = Debug|iPhoneSimulator
		{21589DBD-CFDA-4A74-96B0-095C85916A2E}.Release|Any CPU.ActiveCfg = Release|iPhoneSimulator
		{21589DBD-CFDA-4A74-96B0-095C85916A2E}.Release|Any CPU.Build.0 = Release|iPhoneSimulator
		{21589DBD-CFDA-4A74-96B0-095C85916A2E}.Debug|iPhoneSimulator.ActiveCfg = Debug|iPhoneSimulator
		{21589DBD-CFDA-4A74-96B0-095C85916A2E}.Debug|iPhoneSimulator.Build.0 = Debug|iPhoneSimulator
		{21589DBD-CFDA-4A74-96B0-095C85916A2E}.Release|iPhoneSimulator.ActiveCfg = Release|iPhoneSimulator
		{21589DBD-CFDA-4A74-96B0-095C85916A2E}.Release|iPhoneSimulator.Build.0 = Release|iPhoneSimulator
		{21589DBD-CFDA-4A74-96B0-095C85916A2E}.Debug|iPhone.ActiveCfg = Debug|iPhone
		{21589DBD-CFDA-4A74-96B0-095C85916A2E}.Debug|iPhone.Build.0 = Debug|iPhone
		{21589DBD-CFDA-4A74-96B0-095C85916A2E}.Release|iPhone.ActiveCfg = Release|iPhone
		{21589DBD-CFDA-4A74-96B0-095C85916A2E}.Release|iPhone.Build.0 = Release|iPhone
		{05ABC5F8-B2A3-473E-8837-DF9815220DE7}.Debug|Any CPU.ActiveCfg = Debug|Any CPU
		{05ABC5F8-B2A3-473E-8837-DF9815220DE7}.Debug|Any CPU.Build.0 = Debug|Any CPU
		{05ABC5F8-B2A3-473E-8837-DF9815220DE7}.Release|Any CPU.ActiveCfg = Release|Any CPU
		{05ABC5F8-B2A3-473E-8837-DF9815220DE7}.Release|Any CPU.Build.0 = Release|Any CPU
		{05ABC5F8-B2A3-473E-8837-DF9815220DE7}.Debug|iPhoneSimulator.ActiveCfg = Debug|Any CPU
		{05ABC5F8-B2A3-473E-8837-DF9815220DE7}.Debug|iPhoneSimulator.Build.0 = Debug|Any CPU
		{05ABC5F8-B2A3-473E-8837-DF9815220DE7}.Release|iPhoneSimulator.ActiveCfg = Release|Any CPU
		{05ABC5F8-B2A3-473E-8837-DF9815220DE7}.Release|iPhoneSimulator.Build.0 = Release|Any CPU
		{05ABC5F8-B2A3-473E-8837-DF9815220DE7}.Debug|iPhone.ActiveCfg = Debug|Any CPU
		{05ABC5F8-B2A3-473E-8837-DF9815220DE7}.Debug|iPhone.Build.0 = Debug|Any CPU
		{05ABC5F8-B2A3-473E-8837-DF9815220DE7}.Release|iPhone.ActiveCfg = Release|Any CPU
		{05ABC5F8-B2A3-473E-8837-DF9815220DE7}.Release|iPhone.Build.0 = Release|Any CPU
	EndGlobalSection
	GlobalSection(SolutionProperties) = preSolution
		HideSolutionNode = FALSE
	EndGlobalSection
	GlobalSection(ExtensibilityGlobals) = postSolution
		SolutionGuid = {3E2ECF35-9252-4467-BF67-12E3D005CDE6}
	EndGlobalSection
EndGlobal
